
Microsoft Visual Studio Solution File, Format Version 12.00
# Visual Studio Version 17
VisualStudioVersion = 17.13.35931.197 d17.13
MinimumVisualStudioVersion = 10.0.40219.1
Project("{FAE04EC0-301F-11D3-BF4B-00C04F79EFBC}") = "Ruta_Maestra", "Ruta_Maestra\Ruta_Maestra.csproj", "{1D0B5E4B-0FDF-4FFB-AF06-8A745EB90978}"
EndProject
Global
	GlobalSection(SolutionConfigurationPlatforms) = preSolution
		Debug|Any CPU = Debug|Any CPU
		Release|Any CPU = Release|Any CPU
	EndGlobalSection
	GlobalSection(ProjectConfigurationPlatforms) = postSolution
		{1D0B5E4B-0FDF-4FFB-AF06-8A745EB90978}.Debug|Any CPU.ActiveCfg = Debug|Any CPU
		{1D0B5E4B-0FDF-4FFB-AF06-8A745EB90978}.Debug|Any CPU.Build.0 = Debug|Any CPU
		{1D0B5E4B-0FDF-4FFB-AF06-8A745EB90978}.Release|Any CPU.ActiveCfg = Release|Any CPU
		{1D0B5E4B-0FDF-4FFB-AF06-8A745EB90978}.Release|Any CPU.Build.0 = Release|Any CPU
	EndGlobalSection
	GlobalSection(SolutionProperties) = preSolution
		HideSolutionNode = FALSE
	EndGlobalSection
	GlobalSection(ExtensibilityGlobals) = postSolution
		SolutionGuid = {C8118195-B507-4E36-8B6C-14D198850DDD}
	EndGlobalSection
EndGlobal
